Microsoft Visual Studio Solution File, Format Version 12.00
# Visual Studio 15
VisualStudioVersion = 15.0.27130.2036
MinimumVisualStudioVersion = 15.0.26124.0
Project("{2150E333-8FDC-42A3-9474-1A3956D46DE8}") = "src", "src", "{D20F9301-FB07-4A58-B6E9-6988AC4008B1}"
EndProject
Project("{6EC3EE1D-3C4E-46DD-8F32-0CC8E7565705}") = "Client", "src\Client\Client.fsproj", "{842A59E5-0E72-4CB1-8749-7ED2A7C2E675}"
EndProject
Project("{6EC3EE1D-3C4E-46DD-8F32-0CC8E7565705}") = "Grains", "src\Grains\Grains.fsproj", "{2BBB68F6-8DBC-42BF-91BA-B04B9E1C0049}"
EndProject
Project("{6EC3EE1D-3C4E-46DD-8F32-0CC8E7565705}") = "Host", "src\Host\Host.fsproj", "{3A8A1770-D0B0-4D08-B07B-DA74CD7F2F4B}"
EndProject
Project("{6EC3EE1D-3C4E-46DD-8F32-0CC8E7565705}") = "Interfaces", "src\Interfaces\Interfaces.fsproj", "{53EF708B-B298-4D14-940E-A2477CA90316}"
EndProject
Project("{6EC3EE1D-3C4E-46DD-8F32-0CC8E7565705}") = "Games", "src\Games\Games.fsproj", "{D1948669-20E1-48CD-AB87-F334FC3EBAA0}"
EndProject
Global
	GlobalSection(SolutionConfigurationPlatforms) = preSolution
		Debug|Any CPU = Debug|Any CPU
		Debug|x64 = Debug|x64
		Debug|x86 = Debug|x86
		Release|Any CPU = Release|Any CPU
		Release|x64 = Release|x64
		Release|x86 = Release|x86
	EndGlobalSection
	GlobalSection(ProjectConfigurationPlatforms) = postSolution
		{842A59E5-0E72-4CB1-8749-7ED2A7C2E675}.Debug|Any CPU.ActiveCfg = Debug|Any CPU
		{842A59E5-0E72-4CB1-8749-7ED2A7C2E675}.Debug|Any CPU.Build.0 = Debug|Any CPU
		{842A59E5-0E72-4CB1-8749-7ED2A7C2E675}.Debug|x64.ActiveCfg = Debug|Any CPU
		{842A59E5-0E72-4CB1-8749-7ED2A7C2E675}.Debug|x64.Build.0 = Debug|Any CPU
		{842A59E5-0E72-4CB1-8749-7ED2A7C2E675}.Debug|x86.ActiveCfg = Debug|Any CPU
		{842A59E5-0E72-4CB1-8749-7ED2A7C2E675}.Debug|x86.Build.0 = Debug|Any CPU
		{842A59E5-0E72-4CB1-8749-7ED2A7C2E675}.Release|Any CPU.ActiveCfg = Release|Any CPU
		{842A59E5-0E72-4CB1-8749-7ED2A7C2E675}.Release|Any CPU.Build.0 = Release|Any CPU
		{842A59E5-0E72-4CB1-8749-7ED2A7C2E675}.Release|x64.ActiveCfg = Release|Any CPU
		{842A59E5-0E72-4CB1-8749-7ED2A7C2E675}.Release|x64.Build.0 = Release|Any CPU
		{842A59E5-0E72-4CB1-8749-7ED2A7C2E675}.Release|x86.ActiveCfg = Release|Any CPU
		{842A59E5-0E72-4CB1-8749-7ED2A7C2E675}.Release|x86.Build.0 = Release|Any CPU
		{2BBB68F6-8DBC-42BF-91BA-B04B9E1C0049}.Debug|Any CPU.ActiveCfg = Debug|Any CPU
		{2BBB68F6-8DBC-42BF-91BA-B04B9E1C0049}.Debug|Any CPU.Build.0 = Debug|Any CPU
		{2BBB68F6-8DBC-42BF-91BA-B04B9E1C0049}.Debug|x64.ActiveCfg = Debug|Any CPU
		{2BBB68F6-8DBC-42BF-91BA-B04B9E1C0049}.Debug|x64.Build.0 = Debug|Any CPU
		{2BBB68F6-8DBC-42BF-91BA-B04B9E1C0049}.Debug|x86.ActiveCfg = Debug|Any CPU
		{2BBB68F6-8DBC-42BF-91BA-B04B9E1C0049}.Debug|x86.Build.0 = Debug|Any CPU
		{2BBB68F6-8DBC-42BF-91BA-B04B9E1C0049}.Release|Any CPU.ActiveCfg = Release|Any CPU
		{2BBB68F6-8DBC-42BF-91BA-B04B9E1C0049}.Release|Any CPU.Build.0 = Release|Any CPU
		{2BBB68F6-8DBC-42BF-91BA-B04B9E1C0049}.Release|x64.ActiveCfg = Release|Any CPU
		{2BBB68F6-8DBC-42BF-91BA-B04B9E1C0049}.Release|x64.Build.0 = Release|Any CPU
		{2BBB68F6-8DBC-42BF-91BA-B04B9E1C0049}.Release|x86.ActiveCfg = Release|Any CPU
		{2BBB68F6-8DBC-42BF-91BA-B04B9E1C0049}.Release|x86.Build.0 = Release|Any CPU
		{3A8A1770-D0B0-4D08-B07B-DA74CD7F2F4B}.Debug|Any CPU.ActiveCfg = Debug|Any CPU
		{3A8A1770-D0B0-4D08-B07B-DA74CD7F2F4B}.Debug|Any CPU.Build.0 = Debug|Any CPU
		{3A8A1770-D0B0-4D08-B07B-DA74CD7F2F4B}.Debug|x64.ActiveCfg = Debug|Any CPU
		{3A8A1770-D0B0-4D08-B07B-DA74CD7F2F4B}.Debug|x64.Build.0 = Debug|Any CPU
		{3A8A1770-D0B0-4D08-B07B-DA74CD7F2F4B}.Debug|x86.ActiveCfg = Debug|Any CPU
		{3A8A1770-D0B0-4D08-B07B-DA74CD7F2F4B}.Debug|x86.Build.0 = Debug|Any CPU
		{3A8A1770-D0B0-4D08-B07B-DA74CD7F2F4B}.Release|Any CPU.ActiveCfg = Release|Any CPU
		{3A8A1770-D0B0-4D08-B07B-DA74CD7F2F4B}.Release|Any CPU.Build.0 = Release|Any CPU
		{3A8A1770-D0B0-4D08-B07B-DA74CD7F2F4B}.Release|x64.ActiveCfg = Release|Any CPU
		{3A8A1770-D0B0-4D08-B07B-DA74CD7F2F4B}.Release|x64.Build.0 = Release|Any CPU
		{3A8A1770-D0B0-4D08-B07B-DA74CD7F2F4B}.Release|x86.ActiveCfg = Release|Any CPU
		{3A8A1770-D0B0-4D08-B07B-DA74CD7F2F4B}.Release|x86.Build.0 = Release|Any CPU
		{53EF708B-B298-4D14-940E-A2477CA90316}.Debug|Any CPU.ActiveCfg = Debug|Any CPU
		{53EF708B-B298-4D14-940E-A2477CA90316}.Debug|Any CPU.Build.0 = Debug|Any CPU
		{53EF708B-B298-4D14-940E-A2477CA90316}.Debug|x64.ActiveCfg = Debug|Any CPU
		{53EF708B-B298-4D14-940E-A2477CA90316}.Debug|x64.Build.0 = Debug|Any CPU
		{53EF708B-B298-4D14-940E-A2477CA90316}.Debug|x86.ActiveCfg = Debug|Any CPU
		{53EF708B-B298-4D14-940E-A2477CA90316}.Debug|x86.Build.0 = Debug|Any CPU
		{53EF708B-B298-4D14-940E-A2477CA90316}.Release|Any CPU.ActiveCfg = Release|Any CPU
		{53EF708B-B298-4D14-940E-A2477CA90316}.Release|Any CPU.Build.0 = Release|Any CPU
		{53EF708B-B298-4D14-940E-A2477CA90316}.Release|x64.ActiveCfg = Release|Any CPU
		{53EF708B-B298-4D14-940E-A2477CA90316}.Release|x64.Build.0 = Release|Any CPU
		{53EF708B-B298-4D14-940E-A2477CA90316}.Release|x86.ActiveCfg = Release|Any CPU
		{53EF708B-B298-4D14-940E-A2477CA90316}.Release|x86.Build.0 = Release|Any CPU
		{D1948669-20E1-48CD-AB87-F334FC3EBAA0}.Debug|Any CPU.ActiveCfg = Debug|Any CPU
		{D1948669-20E1-48CD-AB87-F334FC3EBAA0}.Debug|Any CPU.Build.0 = Debug|Any CPU
		{D1948669-20E1-48CD-AB87-F334FC3EBAA0}.Debug|x64.ActiveCfg = Debug|Any CPU
		{D1948669-20E1-48CD-AB87-F334FC3EBAA0}.Debug|x64.Build.0 = Debug|Any CPU
		{D1948669-20E1-48CD-AB87-F334FC3EBAA0}.Debug|x86.ActiveCfg = Debug|Any CPU
		{D1948669-20E1-48CD-AB87-F334FC3EBAA0}.Debug|x86.Build.0 = Debug|Any CPU
		{D1948669-20E1-48CD-AB87-F334FC3EBAA0}.Release|Any CPU.ActiveCfg = Release|Any CPU
		{D1948669-20E1-48CD-AB87-F334FC3EBAA0}.Release|Any CPU.Build.0 = Release|Any CPU
		{D1948669-20E1-48CD-AB87-F334FC3EBAA0}.Release|x64.ActiveCfg = Release|Any CPU
		{D1948669-20E1-48CD-AB87-F334FC3EBAA0}.Release|x64.Build.0 = Release|Any CPU
		{D1948669-20E1-48CD-AB87-F334FC3EBAA0}.Release|x86.ActiveCfg = Release|Any CPU
		{D1948669-20E1-48CD-AB87-F334FC3EBAA0}.Release|x86.Build.0 = Release|Any CPU
	EndGlobalSection
	GlobalSection(SolutionProperties) = preSolution
		HideSolutionNode = FALSE
	EndGlobalSection
	GlobalSection(NestedProjects) = preSolution
		{842A59E5-0E72-4CB1-8749-7ED2A7C2E675} = {D20F9301-FB07-4A58-B6E9-6988AC4008B1}
		{2BBB68F6-8DBC-42BF-91BA-B04B9E1C0049} = {D20F9301-FB07-4A58-B6E9-6988AC4008B1}
		{3A8A1770-D0B0-4D08-B07B-DA74CD7F2F4B} = {D20F9301-FB07-4A58-B6E9-6988AC4008B1}
		{53EF708B-B298-4D14-940E-A2477CA90316} = {D20F9301-FB07-4A58-B6E9-6988AC4008B1}
		{D1948669-20E1-48CD-AB87-F334FC3EBAA0} = {D20F9301-FB07-4A58-B6E9-6988AC4008B1}
	EndGlobalSection
	GlobalSection(ExtensibilityGlobals) = postSolution
		SolutionGuid = {FBA619B3-CD0B-4BC5-9DEC-063B6FD23FD1}
	EndGlobalSection
EndGlobal
